
Microsoft Visual Studio Solution File, Format Version 12.00
# Visual Studio Version 17
VisualStudioVersion = 17.4.33110.190
MinimumVisualStudioVersion = 10.0.40219.1
Project("{FAE04EC0-301F-11D3-BF4B-00C04F79EFBC}") = "LightCV", "LightCV.csproj", "{BA51D825-9A8B-4BC4-8870-F6F432090B15}"
EndProject
Project("{FAE04EC0-301F-11D3-BF4B-00C04F79EFBC}") = "LightCVTest", "..\LightCVTest\LightCVTest.csproj", "{A496E2EA-6F96-47D4-B4B8-AC796BB62265}"
EndProject
Global
	GlobalSection(SolutionConfigurationPlatforms) = preSolution
		Debug|Any CPU = Debug|Any CPU
		Release|Any CPU = Release|Any CPU
	EndGlobalSection
	GlobalSection(ProjectConfigurationPlatforms) = postSolution
		{BA51D825-9A8B-4BC4-8870-F6F432090B15}.Debug|Any CPU.ActiveCfg = Debug|Any CPU
		{BA51D825-9A8B-4BC4-8870-F6F432090B15}.Debug|Any CPU.Build.0 = Debug|Any CPU
		{BA51D825-9A8B-4BC4-8870-F6F432090B15}.Release|Any CPU.ActiveCfg = Release|Any CPU
		{BA51D825-9A8B-4BC4-8870-F6F432090B15}.Release|Any CPU.Build.0 = Release|Any CPU
		{A496E2EA-6F96-47D4-B4B8-AC796BB62265}.Debug|Any CPU.ActiveCfg = Debug|Any CPU
		{A496E2EA-6F96-47D4-B4B8-AC796BB62265}.Debug|Any CPU.Build.0 = Debug|Any CPU
		{A496E2EA-6F96-47D4-B4B8-AC796BB62265}.Release|Any CPU.ActiveCfg = Release|Any CPU
		{A496E2EA-6F96-47D4-B4B8-AC796BB62265}.Release|Any CPU.Build.0 = Release|Any CPU
	EndGlobalSection
	GlobalSection(SolutionProperties) = preSolution
		HideSolutionNode = FALSE
	EndGlobalSection
	GlobalSection(ExtensibilityGlobals) = postSolution
		SolutionGuid = {77A86B3C-7AB3-4456-ACF1-CD2537F44B32}
	EndGlobalSection
EndGlobal
